{
  "nodes": {
    "nixpkgs": {
      "locked": {
        "lastModified": 1666183223,
        "narHash": "sha256-/wpa+n39yEIzyoRH4OOldkM3kdx22ciD3fMz3U8xyXY=",
        "owner": "nixos",
        "repo": "nixpkgs",
        "rev": "d2cfe468f81b5380a24a4de4f66c57d94ee9ca0e",
        "type": "github"
      },
      "original": {
        "owner": "nixos",
        "ref": "nixpkgs-unstable",
        "repo": "nixpkgs",
        "type": "github"
      }
    },
    "root": {
      "inputs": {
        "nixpkgs": "nixpkgs",
        "utils": "utils"
      }
    },
    "utils": {
      "locked": {
        "lastModified": 1659877975,
        "narHash": "sha256-zllb8aq3YO3h8B/U0/J1WBgAL8EX5yWf5pMj3G0NAmc=",
        "owner": "numtide",
        "repo": "flake-utils",
        "rev": "c0e246b9b83f637f4681389ecabcb2681b4f3af0",
        "type": "github"
      },
      "original": {
        "owner": "numtide",
        "repo": "flake-utils",
        "type": "github"
      }
    }
  },
  "root": "root",
  "version": 7
}
